
Microsoft Visual Studio Solution File, Format Version 12.00
# Visual Studio Version 17
VisualStudioVersion = 17.5.33516.290
MinimumVisualStudioVersion = 10.0.40219.1
Project("{FAE04EC0-301F-11D3-BF4B-00C04F79EFBC}") = "EmployeeWageComputation1234", "EmployeeWageComputation1234\EmployeeWageComputation1234.csproj", "{B71C980F-309B-4286-B3E1-832B0C5CFF8F}"
EndProject
Global
	GlobalSection(SolutionConfigurationPlatforms) = preSolution
		Debug|Any CPU = Debug|Any CPU
		Release|Any CPU = Release|Any CPU
	EndGlobalSection
	GlobalSection(ProjectConfigurationPlatforms) = postSolution
		{B71C980F-309B-4286-B3E1-832B0C5CFF8F}.Debug|Any CPU.ActiveCfg = Debug|Any CPU
		{B71C980F-309B-4286-B3E1-832B0C5CFF8F}.Debug|Any CPU.Build.0 = Debug|Any CPU
		{B71C980F-309B-4286-B3E1-832B0C5CFF8F}.Release|Any CPU.ActiveCfg = Release|Any CPU
		{B71C980F-309B-4286-B3E1-832B0C5CFF8F}.Release|Any CPU.Build.0 = Release|Any CPU
	EndGlobalSection
	GlobalSection(SolutionProperties) = preSolution
		HideSolutionNode = FALSE
	EndGlobalSection
	GlobalSection(ExtensibilityGlobals) = postSolution
		SolutionGuid = {7D2AEAF4-4B34-4C5C-8DF8-3CEA1128DADF}
	EndGlobalSection
EndGlobal
