
Microsoft Visual Studio Solution File, Format Version 12.00
# Visual Studio Version 17
VisualStudioVersion = 17.5.33516.290
MinimumVisualStudioVersion = 10.0.40219.1
Project("{FAE04EC0-301F-11D3-BF4B-00C04F79EFBC}") = "EmployeeWageComputation123", "EmployeeWageComputation123\EmployeeWageComputation123.csproj", "{6310F856-1E91-4447-B900-1588653F5778}"
EndProject
Global
	GlobalSection(SolutionConfigurationPlatforms) = preSolution
		Debug|Any CPU = Debug|Any CPU
		Release|Any CPU = Release|Any CPU
	EndGlobalSection
	GlobalSection(ProjectConfigurationPlatforms) = postSolution
		{6310F856-1E91-4447-B900-1588653F5778}.Debug|Any CPU.ActiveCfg = Debug|Any CPU
		{6310F856-1E91-4447-B900-1588653F5778}.Debug|Any CPU.Build.0 = Debug|Any CPU
		{6310F856-1E91-4447-B900-1588653F5778}.Release|Any CPU.ActiveCfg = Release|Any CPU
		{6310F856-1E91-4447-B900-1588653F5778}.Release|Any CPU.Build.0 = Release|Any CPU
	EndGlobalSection
	GlobalSection(SolutionProperties) = preSolution
		HideSolutionNode = FALSE
	EndGlobalSection
	GlobalSection(ExtensibilityGlobals) = postSolution
		SolutionGuid = {5BF2C45C-EBE9-4A31-9EBE-5A3AA00B74F3}
	EndGlobalSection
EndGlobal
